
Microsoft Visual Studio Solution File, Format Version 12.00
# Visual Studio Version 16
VisualStudioVersion = 16.0.31205.134
MinimumVisualStudioVersion = 10.0.40219.1
Project("{9A19103F-16F7-4668-BE54-9A1E7A4F7556}") = "Sample_Web_Application_1", "Sample_Web_Application_1.csproj", "{EB071644-9C41-41EF-99BA-9FEF428817DE}"
EndProject
Global
	GlobalSection(SolutionConfigurationPlatforms) = preSolution
		Debug|Any CPU = Debug|Any CPU
		Release|Any CPU = Release|Any CPU
	EndGlobalSection
	GlobalSection(ProjectConfigurationPlatforms) = postSolution
		{EB071644-9C41-41EF-99BA-9FEF428817DE}.Debug|Any CPU.ActiveCfg = Debug|Any CPU
		{EB071644-9C41-41EF-99BA-9FEF428817DE}.Debug|Any CPU.Build.0 = Debug|Any CPU
		{EB071644-9C41-41EF-99BA-9FEF428817DE}.Release|Any CPU.ActiveCfg = Release|Any CPU
		{EB071644-9C41-41EF-99BA-9FEF428817DE}.Release|Any CPU.Build.0 = Release|Any CPU
	EndGlobalSection
	GlobalSection(SolutionProperties) = preSolution
		HideSolutionNode = FALSE
	EndGlobalSection
	GlobalSection(ExtensibilityGlobals) = postSolution
		SolutionGuid = {D379AE3E-29FF-4346-A0BF-849AE15786E5}
	EndGlobalSection
EndGlobal
